
Microsoft Visual Studio Solution File, Format Version 12.00
# Visual Studio Version 16
VisualStudioVersion = 16.0.29503.13
MinimumVisualStudioVersion = 10.0.40219.1
Project("{FAE04EC0-301F-11D3-BF4B-00C04F79EFBC}") = "BBS_App", "BBS_App\BBS_App.csproj", "{124CB3F3-1AAF-40F5-B4E2-3049E5AB6B2E}"
EndProject
Project("{FAE04EC0-301F-11D3-BF4B-00C04F79EFBC}") = "BBS_Lib", "BBS_Lib\BBS_Lib.csproj", "{F85B19F4-04A7-4DDB-AB3D-E38CAEBF95AA}"
EndProject
Global
	GlobalSection(SolutionConfigurationPlatforms) = preSolution
		Debug|Any CPU = Debug|Any CPU
		Release|Any CPU = Release|Any CPU
	EndGlobalSection
	GlobalSection(ProjectConfigurationPlatforms) = postSolution
		{124CB3F3-1AAF-40F5-B4E2-3049E5AB6B2E}.Debug|Any CPU.ActiveCfg = Debug|Any CPU
		{124CB3F3-1AAF-40F5-B4E2-3049E5AB6B2E}.Debug|Any CPU.Build.0 = Debug|Any CPU
		{124CB3F3-1AAF-40F5-B4E2-3049E5AB6B2E}.Release|Any CPU.ActiveCfg = Release|Any CPU
		{124CB3F3-1AAF-40F5-B4E2-3049E5AB6B2E}.Release|Any CPU.Build.0 = Release|Any CPU
		{F85B19F4-04A7-4DDB-AB3D-E38CAEBF95AA}.Debug|Any CPU.ActiveCfg = Debug|Any CPU
		{F85B19F4-04A7-4DDB-AB3D-E38CAEBF95AA}.Debug|Any CPU.Build.0 = Debug|Any CPU
		{F85B19F4-04A7-4DDB-AB3D-E38CAEBF95AA}.Release|Any CPU.ActiveCfg = Release|Any CPU
		{F85B19F4-04A7-4DDB-AB3D-E38CAEBF95AA}.Release|Any CPU.Build.0 = Release|Any CPU
	EndGlobalSection
	GlobalSection(SolutionProperties) = preSolution
		HideSolutionNode = FALSE
	EndGlobalSection
	GlobalSection(ExtensibilityGlobals) = postSolution
		SolutionGuid = {825BA458-897E-40C9-9FBE-214A38C2C4D6}
	EndGlobalSection
EndGlobal
